
Microsoft Visual Studio Solution File, Format Version 12.00
# Visual Studio Version 17
VisualStudioVersion = 17.13.35818.85 d17.13
MinimumVisualStudioVersion = 10.0.40219.1
Project("{FAE04EC0-301F-11D3-BF4B-00C04F79EFBC}") = "Application-de-Gestion-de-Vehicules", "Application-de-Gestion-de-Vehicules\Application-de-Gestion-de-Vehicules.csproj", "{6ACE9E26-8493-4C49-AE21-78E0E122A92C}"
EndProject
Global
	GlobalSection(SolutionConfigurationPlatforms) = preSolution
		Debug|Any CPU = Debug|Any CPU
		Release|Any CPU = Release|Any CPU
	EndGlobalSection
	GlobalSection(ProjectConfigurationPlatforms) = postSolution
		{6ACE9E26-8493-4C49-AE21-78E0E122A92C}.Debug|Any CPU.ActiveCfg = Debug|Any CPU
		{6ACE9E26-8493-4C49-AE21-78E0E122A92C}.Debug|Any CPU.Build.0 = Debug|Any CPU
		{6ACE9E26-8493-4C49-AE21-78E0E122A92C}.Release|Any CPU.ActiveCfg = Release|Any CPU
		{6ACE9E26-8493-4C49-AE21-78E0E122A92C}.Release|Any CPU.Build.0 = Release|Any CPU
	EndGlobalSection
	GlobalSection(SolutionProperties) = preSolution
		HideSolutionNode = FALSE
	EndGlobalSection
	GlobalSection(ExtensibilityGlobals) = postSolution
		SolutionGuid = {1F27D54F-486E-4599-B97D-3B4F39D62A75}
	EndGlobalSection
EndGlobal
